
Microsoft Visual Studio Solution File, Format Version 12.00
# Visual Studio Version 16
VisualStudioVersion = 16.0.31313.79
MinimumVisualStudioVersion = 10.0.40219.1
Project("{FAE04EC0-301F-11D3-BF4B-00C04F79EFBC}") = "ABSENSI", "ABSENSI\ABSENSI.csproj", "{CA284507-DCC8-4B3C-9F48-A384AD813D0C}"
EndProject
Project("{FAE04EC0-301F-11D3-BF4B-00C04F79EFBC}") = "ABSENSI.Tests", "ABSENSI.Tests\ABSENSI.Tests.csproj", "{B02AE21B-51D6-43FA-A726-F03982411DE5}"
EndProject
Global
	GlobalSection(SolutionConfigurationPlatforms) = preSolution
		Debug|Any CPU = Debug|Any CPU
		Release|Any CPU = Release|Any CPU
	EndGlobalSection
	GlobalSection(ProjectConfigurationPlatforms) = postSolution
		{CA284507-DCC8-4B3C-9F48-A384AD813D0C}.Debug|Any CPU.ActiveCfg = Debug|Any CPU
		{CA284507-DCC8-4B3C-9F48-A384AD813D0C}.Debug|Any CPU.Build.0 = Debug|Any CPU
		{CA284507-DCC8-4B3C-9F48-A384AD813D0C}.Release|Any CPU.ActiveCfg = Release|Any CPU
		{CA284507-DCC8-4B3C-9F48-A384AD813D0C}.Release|Any CPU.Build.0 = Release|Any CPU
		{B02AE21B-51D6-43FA-A726-F03982411DE5}.Debug|Any CPU.ActiveCfg = Debug|Any CPU
		{B02AE21B-51D6-43FA-A726-F03982411DE5}.Debug|Any CPU.Build.0 = Debug|Any CPU
		{B02AE21B-51D6-43FA-A726-F03982411DE5}.Release|Any CPU.ActiveCfg = Release|Any CPU
		{B02AE21B-51D6-43FA-A726-F03982411DE5}.Release|Any CPU.Build.0 = Release|Any CPU
	EndGlobalSection
	GlobalSection(SolutionProperties) = preSolution
		HideSolutionNode = FALSE
	EndGlobalSection
	GlobalSection(ExtensibilityGlobals) = postSolution
		SolutionGuid = {CD47D4B5-D405-4A0A-9EC0-EBD26E2F591B}
	EndGlobalSection
EndGlobal
